
Microsoft Visual Studio Solution File, Format Version 12.00
# Visual Studio Version 16
VisualStudioVersion = 16.0.28803.202
MinimumVisualStudioVersion = 10.0.40219.1
Project("{8BC9CEB8-8B4A-11D0-8D11-00A0C91BC942}") = "BaristaLabs.Espresso.LibEspresso", "src\BaristaLabs.Espresso.LibEspresso\BaristaLabs.Espresso.LibEspresso.vcxproj", "{67E0B6CB-A6DD-4BED-BF02-945D32781742}"
EndProject
Project("{9A19103F-16F7-4668-BE54-9A1E7A4F7556}") = "BaristaLabs.EspressoCore.Common", "src\BaristaLabs.EspressoCore.Common\BaristaLabs.EspressoCore.Common.csproj", "{21FFB764-0347-49FC-A35D-8E0364EE7B4D}"
	ProjectSection(ProjectDependencies) = postProject
		{67E0B6CB-A6DD-4BED-BF02-945D32781742} = {67E0B6CB-A6DD-4BED-BF02-945D32781742}
	EndProjectSection
EndProject
Project("{2150E333-8FDC-42A3-9474-1A3956D46DE8}") = "src", "src", "{3254F79B-E1F7-44E8-8464-C661DCD80BFD}"
EndProject
Project("{9A19103F-16F7-4668-BE54-9A1E7A4F7556}") = "BaristaLabs.EspressoCore.ConsoleTest", "src\BaristaLabs.EspressoCore.ConsoleTest\BaristaLabs.EspressoCore.ConsoleTest.csproj", "{9541699C-6178-48BF-A02A-56CB89A23B0F}"
	ProjectSection(ProjectDependencies) = postProject
		{21FFB764-0347-49FC-A35D-8E0364EE7B4D} = {21FFB764-0347-49FC-A35D-8E0364EE7B4D}
		{67E0B6CB-A6DD-4BED-BF02-945D32781742} = {67E0B6CB-A6DD-4BED-BF02-945D32781742}
	EndProjectSection
EndProject
Project("{2150E333-8FDC-42A3-9474-1A3956D46DE8}") = "Solution Items", "Solution Items", "{E3D48C2D-C864-41F4-BA31-19B206AD14DC}"
	ProjectSection(SolutionItems) = preProject
		README.md = README.md
	EndProjectSection
EndProject
Global
	GlobalSection(SolutionConfigurationPlatforms) = preSolution
		Debug|Any CPU = Debug|Any CPU
		Debug|x64 = Debug|x64
		Debug|x86 = Debug|x86
		Release|Any CPU = Release|Any CPU
		Release|x64 = Release|x64
		Release|x86 = Release|x86
	EndGlobalSection
	GlobalSection(ProjectConfigurationPlatforms) = postSolution
		{67E0B6CB-A6DD-4BED-BF02-945D32781742}.Debug|Any CPU.ActiveCfg = Debug|x64
		{67E0B6CB-A6DD-4BED-BF02-945D32781742}.Debug|x64.ActiveCfg = Debug|x64
		{67E0B6CB-A6DD-4BED-BF02-945D32781742}.Debug|x64.Build.0 = Debug|x64
		{67E0B6CB-A6DD-4BED-BF02-945D32781742}.Debug|x86.ActiveCfg = Debug|Win32
		{67E0B6CB-A6DD-4BED-BF02-945D32781742}.Debug|x86.Build.0 = Debug|Win32
		{67E0B6CB-A6DD-4BED-BF02-945D32781742}.Release|Any CPU.ActiveCfg = Release|Win32
		{67E0B6CB-A6DD-4BED-BF02-945D32781742}.Release|x64.ActiveCfg = Release|x64
		{67E0B6CB-A6DD-4BED-BF02-945D32781742}.Release|x64.Build.0 = Release|x64
		{67E0B6CB-A6DD-4BED-BF02-945D32781742}.Release|x86.ActiveCfg = Release|Win32
		{67E0B6CB-A6DD-4BED-BF02-945D32781742}.Release|x86.Build.0 = Release|Win32
		{21FFB764-0347-49FC-A35D-8E0364EE7B4D}.Debug|Any CPU.ActiveCfg = Debug|Any CPU
		{21FFB764-0347-49FC-A35D-8E0364EE7B4D}.Debug|Any CPU.Build.0 = Debug|Any CPU
		{21FFB764-0347-49FC-A35D-8E0364EE7B4D}.Debug|x64.ActiveCfg = Debug|Any CPU
		{21FFB764-0347-49FC-A35D-8E0364EE7B4D}.Debug|x64.Build.0 = Debug|Any CPU
		{21FFB764-0347-49FC-A35D-8E0364EE7B4D}.Debug|x86.ActiveCfg = Debug|Any CPU
		{21FFB764-0347-49FC-A35D-8E0364EE7B4D}.Debug|x86.Build.0 = Debug|Any CPU
		{21FFB764-0347-49FC-A35D-8E0364EE7B4D}.Release|Any CPU.ActiveCfg = Release|Any CPU
		{21FFB764-0347-49FC-A35D-8E0364EE7B4D}.Release|Any CPU.Build.0 = Release|Any CPU
		{21FFB764-0347-49FC-A35D-8E0364EE7B4D}.Release|x64.ActiveCfg = Release|Any CPU
		{21FFB764-0347-49FC-A35D-8E0364EE7B4D}.Release|x64.Build.0 = Release|Any CPU
		{21FFB764-0347-49FC-A35D-8E0364EE7B4D}.Release|x86.ActiveCfg = Release|Any CPU
		{21FFB764-0347-49FC-A35D-8E0364EE7B4D}.Release|x86.Build.0 = Release|Any CPU
		{9541699C-6178-48BF-A02A-56CB89A23B0F}.Debug|Any CPU.ActiveCfg = Debug|Any CPU
		{9541699C-6178-48BF-A02A-56CB89A23B0F}.Debug|Any CPU.Build.0 = Debug|Any CPU
		{9541699C-6178-48BF-A02A-56CB89A23B0F}.Debug|x64.ActiveCfg = Debug|Any CPU
		{9541699C-6178-48BF-A02A-56CB89A23B0F}.Debug|x64.Build.0 = Debug|Any CPU
		{9541699C-6178-48BF-A02A-56CB89A23B0F}.Debug|x86.ActiveCfg = Debug|Any CPU
		{9541699C-6178-48BF-A02A-56CB89A23B0F}.Debug|x86.Build.0 = Debug|Any CPU
		{9541699C-6178-48BF-A02A-56CB89A23B0F}.Release|Any CPU.ActiveCfg = Release|Any CPU
		{9541699C-6178-48BF-A02A-56CB89A23B0F}.Release|Any CPU.Build.0 = Release|Any CPU
		{9541699C-6178-48BF-A02A-56CB89A23B0F}.Release|x64.ActiveCfg = Release|Any CPU
		{9541699C-6178-48BF-A02A-56CB89A23B0F}.Release|x64.Build.0 = Release|Any CPU
		{9541699C-6178-48BF-A02A-56CB89A23B0F}.Release|x86.ActiveCfg = Release|Any CPU
		{9541699C-6178-48BF-A02A-56CB89A23B0F}.Release|x86.Build.0 = Release|Any CPU
	EndGlobalSection
	GlobalSection(SolutionProperties) = preSolution
		HideSolutionNode = FALSE
	EndGlobalSection
	GlobalSection(NestedProjects) = preSolution
		{67E0B6CB-A6DD-4BED-BF02-945D32781742} = {3254F79B-E1F7-44E8-8464-C661DCD80BFD}
		{21FFB764-0347-49FC-A35D-8E0364EE7B4D} = {3254F79B-E1F7-44E8-8464-C661DCD80BFD}
		{9541699C-6178-48BF-A02A-56CB89A23B0F} = {3254F79B-E1F7-44E8-8464-C661DCD80BFD}
	EndGlobalSection
	GlobalSection(ExtensibilityGlobals) = postSolution
		SolutionGuid = {3820161C-C42A-4504-A518-B51E61806860}
	EndGlobalSection
EndGlobal
